
Microsoft Visual Studio Solution File, Format Version 12.00
# Visual Studio Version 16
VisualStudioVersion = 16.0.29025.244
MinimumVisualStudioVersion = 10.0.40219.1
Project("{FAE04EC0-301F-11D3-BF4B-00C04F79EFBC}") = "DeadBalance", "TeknoMW3-DeadBalance\DeadBalance.csproj", "{A6E18FEC-9A08-4764-8971-687DF4B3D06C}"
EndProject
Global
	GlobalSection(SolutionConfigurationPlatforms) = preSolution
		Debug|Any CPU = Debug|Any CPU
		Release|Any CPU = Release|Any CPU
	EndGlobalSection
	GlobalSection(ProjectConfigurationPlatforms) = postSolution
		{A6E18FEC-9A08-4764-8971-687DF4B3D06C}.Debug|Any CPU.ActiveCfg = Debug|Any CPU
		{A6E18FEC-9A08-4764-8971-687DF4B3D06C}.Debug|Any CPU.Build.0 = Debug|Any CPU
		{A6E18FEC-9A08-4764-8971-687DF4B3D06C}.Release|Any CPU.ActiveCfg = Release|Any CPU
		{A6E18FEC-9A08-4764-8971-687DF4B3D06C}.Release|Any CPU.Build.0 = Release|Any CPU
	EndGlobalSection
	GlobalSection(SolutionProperties) = preSolution
		HideSolutionNode = FALSE
	EndGlobalSection
	GlobalSection(ExtensibilityGlobals) = postSolution
		SolutionGuid = {9C5EA41E-4D91-4309-92B5-7827F4564574}
	EndGlobalSection
EndGlobal
